
Microsoft Visual Studio Solution File, Format Version 12.00
# Visual Studio 15
VisualStudioVersion = 15.0.28307.645
MinimumVisualStudioVersion = 10.0.40219.1
Project("{2150E333-8FDC-42A3-9474-1A3956D46DE8}") = "src", "src", "{40309D8A-D2C9-451B-8ED2-F6B8CAAB7FEA}"
EndProject
Project("{2150E333-8FDC-42A3-9474-1A3956D46DE8}") = "AlgoTrader", "AlgoTrader", "{7C320675-D951-4B4F-A52A-B1B5A8DB8179}"
EndProject
Project("{2150E333-8FDC-42A3-9474-1A3956D46DE8}") = "TwitterAnalyser", "TwitterAnalyser", "{CB2056B2-8131-4BDB-AB01-95558392E97E}"
EndProject
Project("{9A19103F-16F7-4668-BE54-9A1E7A4F7556}") = "AlgoTrader.Algos", "src\AlgoTrader\AlgoTrader.Algos\AlgoTrader.Algos.csproj", "{7BD71AF0-2DFE-4D95-BD52-AD03E14A7AF0}"
EndProject
Project("{9A19103F-16F7-4668-BE54-9A1E7A4F7556}") = "AlgoTrader.Backtesting", "src\AlgoTrader\AlgoTrader.Backtesting\AlgoTrader.Backtesting.csproj", "{16689632-D7BE-4269-AFF3-1DDD3D00750A}"
EndProject
Project("{9A19103F-16F7-4668-BE54-9A1E7A4F7556}") = "AlgoTrader.Core", "src\AlgoTrader\AlgoTrader.Core\AlgoTrader.Core.csproj", "{3FB5B46A-FD86-400C-9F14-A65828013466}"
EndProject
Project("{9A19103F-16F7-4668-BE54-9A1E7A4F7556}") = "AlgoTrader.Exchanges", "src\AlgoTrader\AlgoTrader.Exchanges\AlgoTrader.Exchanges.csproj", "{B173E408-2943-4310-B59F-51D5204CDA5F}"
EndProject
Project("{9A19103F-16F7-4668-BE54-9A1E7A4F7556}") = "AlgoTrader.Feeds", "src\AlgoTrader\AlgoTrader.Feeds\AlgoTrader.Feeds.csproj", "{D392DB24-4D83-4770-BDE6-0DDC8F103597}"
EndProject
Project("{9A19103F-16F7-4668-BE54-9A1E7A4F7556}") = "AlgoTrader.Optimise", "src\AlgoTrader\AlgoTrader.Optimise\AlgoTrader.Optimise.csproj", "{BFE4E835-4905-4282-B78D-72EE5C00DC6D}"
EndProject
Project("{9A19103F-16F7-4668-BE54-9A1E7A4F7556}") = "AlgoTrader.Technical", "src\AlgoTrader\AlgoTrader.Technical\AlgoTrader.Technical.csproj", "{7732CD62-33EA-467B-9AB7-690372DB817B}"
EndProject
Project("{9A19103F-16F7-4668-BE54-9A1E7A4F7556}") = "TwitterAnalyser", "src\TwitterAnalyser\TwitterAnalyser\TwitterAnalyser.csproj", "{08F5CCF1-FB0E-4EC4-AB32-DCB7BF9163DD}"
EndProject
Project("{9A19103F-16F7-4668-BE54-9A1E7A4F7556}") = "TwitterAnalyser.Core", "src\TwitterAnalyser\TwitterAnalyser.Core\TwitterAnalyser.Core.csproj", "{04824136-AFC3-4BD8-B097-04D29B3896DD}"
EndProject
Project("{2150E333-8FDC-42A3-9474-1A3956D46DE8}") = "main", "main", "{30E4FA59-021F-4422-B16B-85116A9F12F2}"
EndProject
Project("{FAE04EC0-301F-11D3-BF4B-00C04F79EFBC}") = "AlgoTrader.Dashboard", "main\AlgoTrader.Dashboard\AlgoTrader.Dashboard.csproj", "{8EAFCA79-2554-4A90-9F0C-203FE5606FF4}"
EndProject
Project("{FAE04EC0-301F-11D3-BF4B-00C04F79EFBC}") = "AlgoTrader.Console", "main\AlgoTrader.Console\AlgoTrader.Console.csproj", "{624C3AE8-30D3-46DB-B72B-9CFC139AA24E}"
EndProject
Project("{FAE04EC0-301F-11D3-BF4B-00C04F79EFBC}") = "AlgoTrader.Chart", "main\AlgoTrader.Chart\AlgoTrader.Chart.csproj", "{C2FBFB94-6BE6-45E9-9F16-37F5171281BA}"
EndProject
Project("{9A19103F-16F7-4668-BE54-9A1E7A4F7556}") = "AlgoTrader.Evaluate", "src\AlgoTrader\AlgoTrader.Evaluate\AlgoTrader.Evaluate.csproj", "{6D20E536-CB59-46A3-92F7-597E47FC26FF}"
EndProject
Project("{2150E333-8FDC-42A3-9474-1A3956D46DE8}") = "FancyCandles", "FancyCandles", "{EAE954A3-FB88-4343-AFFA-218E36DEEC93}"
EndProject
Project("{FAE04EC0-301F-11D3-BF4B-00C04F79EFBC}") = "FancyCandles", "src\FancyCandles\FancyCandles.csproj", "{F24D1444-A396-4881-AC6B-D438B97025EC}"
EndProject
Project("{2150E333-8FDC-42A3-9474-1A3956D46DE8}") = "CryptoTools", "CryptoTools", "{87E246E9-F71E-4ABB-82E5-EA573D8F9A76}"
EndProject
Project("{9A19103F-16F7-4668-BE54-9A1E7A4F7556}") = "CryptoTools", "src\CryptoTools\CryptoTools\CryptoTools.csproj", "{8910AB9D-D03D-4EBE-BDFE-510F33F05DFF}"
EndProject
Project("{9A19103F-16F7-4668-BE54-9A1E7A4F7556}") = "CryptoTools.Core", "src\CryptoTools\CryptoTools.Core\CryptoTools.Core.csproj", "{2F6CE9F3-F3D6-49D2-A850-4430A0021C77}"
EndProject
Project("{2150E333-8FDC-42A3-9474-1A3956D46DE8}") = "services", "services", "{E8C154A2-3731-43F6-B538-5AA53055C63D}"
EndProject
Project("{FAE04EC0-301F-11D3-BF4B-00C04F79EFBC}") = "AlgoTrader.ExchangeTradesToFile", "main\services\AlgoTrader.WebsocketTradesToFile\AlgoTrader.ExchangeTradesToFile.csproj", "{4521D7F4-45DD-4FE5-94D3-326C97451DD7}"
EndProject
Project("{FAE04EC0-301F-11D3-BF4B-00C04F79EFBC}") = "AlgoTrader.OrderbookToFile", "main\services\AlgoTrader.OrderbookToFile\AlgoTrader.OrderbookToFile.csproj", "{EEA02B0F-2EBD-4B06-A40F-8055CBCBE06D}"
EndProject
Project("{FAE04EC0-301F-11D3-BF4B-00C04F79EFBC}") = "AlgoTrader.Backtest", "main\AlgoTrader.Backtest\AlgoTrader.Backtest.csproj", "{BD311117-DFDB-44A2-8746-E68265A895B2}"
EndProject
Global
	GlobalSection(SolutionConfigurationPlatforms) = preSolution
		Debug|Any CPU = Debug|Any CPU
		Release|Any CPU = Release|Any CPU
	EndGlobalSection
	GlobalSection(ProjectConfigurationPlatforms) = postSolution
		{7BD71AF0-2DFE-4D95-BD52-AD03E14A7AF0}.Debug|Any CPU.ActiveCfg = Debug|Any CPU
		{7BD71AF0-2DFE-4D95-BD52-AD03E14A7AF0}.Debug|Any CPU.Build.0 = Debug|Any CPU
		{7BD71AF0-2DFE-4D95-BD52-AD03E14A7AF0}.Release|Any CPU.ActiveCfg = Release|Any CPU
		{7BD71AF0-2DFE-4D95-BD52-AD03E14A7AF0}.Release|Any CPU.Build.0 = Release|Any CPU
		{16689632-D7BE-4269-AFF3-1DDD3D00750A}.Debug|Any CPU.ActiveCfg = Debug|Any CPU
		{16689632-D7BE-4269-AFF3-1DDD3D00750A}.Debug|Any CPU.Build.0 = Debug|Any CPU
		{16689632-D7BE-4269-AFF3-1DDD3D00750A}.Release|Any CPU.ActiveCfg = Release|Any CPU
		{16689632-D7BE-4269-AFF3-1DDD3D00750A}.Release|Any CPU.Build.0 = Release|Any CPU
		{3FB5B46A-FD86-400C-9F14-A65828013466}.Debug|Any CPU.ActiveCfg = Debug|Any CPU
		{3FB5B46A-FD86-400C-9F14-A65828013466}.Debug|Any CPU.Build.0 = Debug|Any CPU
		{3FB5B46A-FD86-400C-9F14-A65828013466}.Release|Any CPU.ActiveCfg = Release|Any CPU
		{3FB5B46A-FD86-400C-9F14-A65828013466}.Release|Any CPU.Build.0 = Release|Any CPU
		{B173E408-2943-4310-B59F-51D5204CDA5F}.Debug|Any CPU.ActiveCfg = Debug|Any CPU
		{B173E408-2943-4310-B59F-51D5204CDA5F}.Debug|Any CPU.Build.0 = Debug|Any CPU
		{B173E408-2943-4310-B59F-51D5204CDA5F}.Release|Any CPU.ActiveCfg = Release|Any CPU
		{B173E408-2943-4310-B59F-51D5204CDA5F}.Release|Any CPU.Build.0 = Release|Any CPU
		{D392DB24-4D83-4770-BDE6-0DDC8F103597}.Debug|Any CPU.ActiveCfg = Debug|Any CPU
		{D392DB24-4D83-4770-BDE6-0DDC8F103597}.Debug|Any CPU.Build.0 = Debug|Any CPU
		{D392DB24-4D83-4770-BDE6-0DDC8F103597}.Release|Any CPU.ActiveCfg = Release|Any CPU
		{D392DB24-4D83-4770-BDE6-0DDC8F103597}.Release|Any CPU.Build.0 = Release|Any CPU
		{BFE4E835-4905-4282-B78D-72EE5C00DC6D}.Debug|Any CPU.ActiveCfg = Debug|Any CPU
		{BFE4E835-4905-4282-B78D-72EE5C00DC6D}.Debug|Any CPU.Build.0 = Debug|Any CPU
		{BFE4E835-4905-4282-B78D-72EE5C00DC6D}.Release|Any CPU.ActiveCfg = Release|Any CPU
		{BFE4E835-4905-4282-B78D-72EE5C00DC6D}.Release|Any CPU.Build.0 = Release|Any CPU
		{7732CD62-33EA-467B-9AB7-690372DB817B}.Debug|Any CPU.ActiveCfg = Debug|Any CPU
		{7732CD62-33EA-467B-9AB7-690372DB817B}.Debug|Any CPU.Build.0 = Debug|Any CPU
		{7732CD62-33EA-467B-9AB7-690372DB817B}.Release|Any CPU.ActiveCfg = Release|Any CPU
		{7732CD62-33EA-467B-9AB7-690372DB817B}.Release|Any CPU.Build.0 = Release|Any CPU
		{08F5CCF1-FB0E-4EC4-AB32-DCB7BF9163DD}.Debug|Any CPU.ActiveCfg = Debug|Any CPU
		{08F5CCF1-FB0E-4EC4-AB32-DCB7BF9163DD}.Debug|Any CPU.Build.0 = Debug|Any CPU
		{08F5CCF1-FB0E-4EC4-AB32-DCB7BF9163DD}.Release|Any CPU.ActiveCfg = Release|Any CPU
		{08F5CCF1-FB0E-4EC4-AB32-DCB7BF9163DD}.Release|Any CPU.Build.0 = Release|Any CPU
		{04824136-AFC3-4BD8-B097-04D29B3896DD}.Debug|Any CPU.ActiveCfg = Debug|Any CPU
		{04824136-AFC3-4BD8-B097-04D29B3896DD}.Debug|Any CPU.Build.0 = Debug|Any CPU
		{04824136-AFC3-4BD8-B097-04D29B3896DD}.Release|Any CPU.ActiveCfg = Release|Any CPU
		{04824136-AFC3-4BD8-B097-04D29B3896DD}.Release|Any CPU.Build.0 = Release|Any CPU
		{8EAFCA79-2554-4A90-9F0C-203FE5606FF4}.Debug|Any CPU.ActiveCfg = Debug|Any CPU
		{8EAFCA79-2554-4A90-9F0C-203FE5606FF4}.Debug|Any CPU.Build.0 = Debug|Any CPU
		{8EAFCA79-2554-4A90-9F0C-203FE5606FF4}.Release|Any CPU.ActiveCfg = Release|Any CPU
		{8EAFCA79-2554-4A90-9F0C-203FE5606FF4}.Release|Any CPU.Build.0 = Release|Any CPU
		{624C3AE8-30D3-46DB-B72B-9CFC139AA24E}.Debug|Any CPU.ActiveCfg = Debug|Any CPU
		{624C3AE8-30D3-46DB-B72B-9CFC139AA24E}.Debug|Any CPU.Build.0 = Debug|Any CPU
		{624C3AE8-30D3-46DB-B72B-9CFC139AA24E}.Release|Any CPU.ActiveCfg = Release|Any CPU
		{624C3AE8-30D3-46DB-B72B-9CFC139AA24E}.Release|Any CPU.Build.0 = Release|Any CPU
		{C2FBFB94-6BE6-45E9-9F16-37F5171281BA}.Debug|Any CPU.ActiveCfg = Debug|Any CPU
		{C2FBFB94-6BE6-45E9-9F16-37F5171281BA}.Debug|Any CPU.Build.0 = Debug|Any CPU
		{C2FBFB94-6BE6-45E9-9F16-37F5171281BA}.Release|Any CPU.ActiveCfg = Release|Any CPU
		{C2FBFB94-6BE6-45E9-9F16-37F5171281BA}.Release|Any CPU.Build.0 = Release|Any CPU
		{6D20E536-CB59-46A3-92F7-597E47FC26FF}.Debug|Any CPU.ActiveCfg = Debug|Any CPU
		{6D20E536-CB59-46A3-92F7-597E47FC26FF}.Debug|Any CPU.Build.0 = Debug|Any CPU
		{6D20E536-CB59-46A3-92F7-597E47FC26FF}.Release|Any CPU.ActiveCfg = Release|Any CPU
		{6D20E536-CB59-46A3-92F7-597E47FC26FF}.Release|Any CPU.Build.0 = Release|Any CPU
		{F24D1444-A396-4881-AC6B-D438B97025EC}.Debug|Any CPU.ActiveCfg = Debug|Any CPU
		{F24D1444-A396-4881-AC6B-D438B97025EC}.Debug|Any CPU.Build.0 = Debug|Any CPU
		{F24D1444-A396-4881-AC6B-D438B97025EC}.Release|Any CPU.ActiveCfg = Release|Any CPU
		{F24D1444-A396-4881-AC6B-D438B97025EC}.Release|Any CPU.Build.0 = Release|Any CPU
		{8910AB9D-D03D-4EBE-BDFE-510F33F05DFF}.Debug|Any CPU.ActiveCfg = Debug|Any CPU
		{8910AB9D-D03D-4EBE-BDFE-510F33F05DFF}.Debug|Any CPU.Build.0 = Debug|Any CPU
		{8910AB9D-D03D-4EBE-BDFE-510F33F05DFF}.Release|Any CPU.ActiveCfg = Release|Any CPU
		{8910AB9D-D03D-4EBE-BDFE-510F33F05DFF}.Release|Any CPU.Build.0 = Release|Any CPU
		{2F6CE9F3-F3D6-49D2-A850-4430A0021C77}.Debug|Any CPU.ActiveCfg = Debug|Any CPU
		{2F6CE9F3-F3D6-49D2-A850-4430A0021C77}.Debug|Any CPU.Build.0 = Debug|Any CPU
		{2F6CE9F3-F3D6-49D2-A850-4430A0021C77}.Release|Any CPU.ActiveCfg = Release|Any CPU
		{2F6CE9F3-F3D6-49D2-A850-4430A0021C77}.Release|Any CPU.Build.0 = Release|Any CPU
		{4521D7F4-45DD-4FE5-94D3-326C97451DD7}.Debug|Any CPU.ActiveCfg = Debug|Any CPU
		{4521D7F4-45DD-4FE5-94D3-326C97451DD7}.Debug|Any CPU.Build.0 = Debug|Any CPU
		{4521D7F4-45DD-4FE5-94D3-326C97451DD7}.Release|Any CPU.ActiveCfg = Release|Any CPU
		{4521D7F4-45DD-4FE5-94D3-326C97451DD7}.Release|Any CPU.Build.0 = Release|Any CPU
		{EEA02B0F-2EBD-4B06-A40F-8055CBCBE06D}.Debug|Any CPU.ActiveCfg = Debug|Any CPU
		{EEA02B0F-2EBD-4B06-A40F-8055CBCBE06D}.Debug|Any CPU.Build.0 = Debug|Any CPU
		{EEA02B0F-2EBD-4B06-A40F-8055CBCBE06D}.Release|Any CPU.ActiveCfg = Release|Any CPU
		{EEA02B0F-2EBD-4B06-A40F-8055CBCBE06D}.Release|Any CPU.Build.0 = Release|Any CPU
		{BD311117-DFDB-44A2-8746-E68265A895B2}.Debug|Any CPU.ActiveCfg = Debug|Any CPU
		{BD311117-DFDB-44A2-8746-E68265A895B2}.Debug|Any CPU.Build.0 = Debug|Any CPU
		{BD311117-DFDB-44A2-8746-E68265A895B2}.Release|Any CPU.ActiveCfg = Release|Any CPU
		{BD311117-DFDB-44A2-8746-E68265A895B2}.Release|Any CPU.Build.0 = Release|Any CPU
	EndGlobalSection
	GlobalSection(SolutionProperties) = preSolution
		HideSolutionNode = FALSE
	EndGlobalSection
	GlobalSection(NestedProjects) = preSolution
		{7C320675-D951-4B4F-A52A-B1B5A8DB8179} = {40309D8A-D2C9-451B-8ED2-F6B8CAAB7FEA}
		{CB2056B2-8131-4BDB-AB01-95558392E97E} = {40309D8A-D2C9-451B-8ED2-F6B8CAAB7FEA}
		{7BD71AF0-2DFE-4D95-BD52-AD03E14A7AF0} = {7C320675-D951-4B4F-A52A-B1B5A8DB8179}
		{16689632-D7BE-4269-AFF3-1DDD3D00750A} = {7C320675-D951-4B4F-A52A-B1B5A8DB8179}
		{3FB5B46A-FD86-400C-9F14-A65828013466} = {7C320675-D951-4B4F-A52A-B1B5A8DB8179}
		{B173E408-2943-4310-B59F-51D5204CDA5F} = {7C320675-D951-4B4F-A52A-B1B5A8DB8179}
		{D392DB24-4D83-4770-BDE6-0DDC8F103597} = {7C320675-D951-4B4F-A52A-B1B5A8DB8179}
		{BFE4E835-4905-4282-B78D-72EE5C00DC6D} = {7C320675-D951-4B4F-A52A-B1B5A8DB8179}
		{7732CD62-33EA-467B-9AB7-690372DB817B} = {7C320675-D951-4B4F-A52A-B1B5A8DB8179}
		{08F5CCF1-FB0E-4EC4-AB32-DCB7BF9163DD} = {CB2056B2-8131-4BDB-AB01-95558392E97E}
		{04824136-AFC3-4BD8-B097-04D29B3896DD} = {CB2056B2-8131-4BDB-AB01-95558392E97E}
		{8EAFCA79-2554-4A90-9F0C-203FE5606FF4} = {30E4FA59-021F-4422-B16B-85116A9F12F2}
		{624C3AE8-30D3-46DB-B72B-9CFC139AA24E} = {30E4FA59-021F-4422-B16B-85116A9F12F2}
		{C2FBFB94-6BE6-45E9-9F16-37F5171281BA} = {30E4FA59-021F-4422-B16B-85116A9F12F2}
		{6D20E536-CB59-46A3-92F7-597E47FC26FF} = {7C320675-D951-4B4F-A52A-B1B5A8DB8179}
		{EAE954A3-FB88-4343-AFFA-218E36DEEC93} = {40309D8A-D2C9-451B-8ED2-F6B8CAAB7FEA}
		{F24D1444-A396-4881-AC6B-D438B97025EC} = {EAE954A3-FB88-4343-AFFA-218E36DEEC93}
		{87E246E9-F71E-4ABB-82E5-EA573D8F9A76} = {40309D8A-D2C9-451B-8ED2-F6B8CAAB7FEA}
		{8910AB9D-D03D-4EBE-BDFE-510F33F05DFF} = {87E246E9-F71E-4ABB-82E5-EA573D8F9A76}
		{2F6CE9F3-F3D6-49D2-A850-4430A0021C77} = {87E246E9-F71E-4ABB-82E5-EA573D8F9A76}
		{E8C154A2-3731-43F6-B538-5AA53055C63D} = {30E4FA59-021F-4422-B16B-85116A9F12F2}
		{4521D7F4-45DD-4FE5-94D3-326C97451DD7} = {E8C154A2-3731-43F6-B538-5AA53055C63D}
		{EEA02B0F-2EBD-4B06-A40F-8055CBCBE06D} = {E8C154A2-3731-43F6-B538-5AA53055C63D}
		{BD311117-DFDB-44A2-8746-E68265A895B2} = {30E4FA59-021F-4422-B16B-85116A9F12F2}
	EndGlobalSection
	GlobalSection(ExtensibilityGlobals) = postSolution
		SolutionGuid = {827FED93-9356-498A-BB8E-2EBDE4C8887B}
	EndGlobalSection
EndGlobal
